
Microsoft Visual Studio Solution File, Format Version 12.00
# Visual Studio Version 17
VisualStudioVersion = 17.7.34009.444
MinimumVisualStudioVersion = 10.0.40219.1
Project("{FAE04EC0-301F-11D3-BF4B-00C04F79EFBC}") = "NguyenHoangPhuong-2180601200-BaiTapTuan6", "NguyenHoangPhuong-2180601200-BaiTapTuan6.csproj", "{15DA7257-9B10-429D-9875-A69C905B9D1B}"
EndProject
Global
	GlobalSection(SolutionConfigurationPlatforms) = preSolution
		Debug|Any CPU = Debug|Any CPU
		Release|Any CPU = Release|Any CPU
	EndGlobalSection
	GlobalSection(ProjectConfigurationPlatforms) = postSolution
		{15DA7257-9B10-429D-9875-A69C905B9D1B}.Debug|Any CPU.ActiveCfg = Debug|Any CPU
		{15DA7257-9B10-429D-9875-A69C905B9D1B}.Debug|Any CPU.Build.0 = Debug|Any CPU
		{15DA7257-9B10-429D-9875-A69C905B9D1B}.Release|Any CPU.ActiveCfg = Release|Any CPU
		{15DA7257-9B10-429D-9875-A69C905B9D1B}.Release|Any CPU.Build.0 = Release|Any CPU
	EndGlobalSection
	GlobalSection(SolutionProperties) = preSolution
		HideSolutionNode = FALSE
	EndGlobalSection
	GlobalSection(ExtensibilityGlobals) = postSolution
		SolutionGuid = {F73FA6C9-326B-44C1-A2BB-82A6F0684707}
	EndGlobalSection
EndGlobal
